
Microsoft Visual Studio Solution File, Format Version 12.00
# Visual Studio Version 17
VisualStudioVersion = 17.5.002.0
MinimumVisualStudioVersion = 10.0.40219.1
Project("{9A19103F-16F7-4668-BE54-9A1E7A4F7556}") = "SalesGenerator", "SalesGenerator.csproj", "{DB22CF66-C59B-4D27-B678-973CBE6A9D11}"
EndProject
Global
	GlobalSection(SolutionConfigurationPlatforms) = preSolution
		Debug|Any CPU = Debug|Any CPU
		Release|Any CPU = Release|Any CPU
	EndGlobalSection
	GlobalSection(ProjectConfigurationPlatforms) = postSolution
		{DB22CF66-C59B-4D27-B678-973CBE6A9D11}.Debug|Any CPU.ActiveCfg = Debug|Any CPU
		{DB22CF66-C59B-4D27-B678-973CBE6A9D11}.Debug|Any CPU.Build.0 = Debug|Any CPU
		{DB22CF66-C59B-4D27-B678-973CBE6A9D11}.Release|Any CPU.ActiveCfg = Release|Any CPU
		{DB22CF66-C59B-4D27-B678-973CBE6A9D11}.Release|Any CPU.Build.0 = Release|Any CPU
	EndGlobalSection
	GlobalSection(SolutionProperties) = preSolution
		HideSolutionNode = FALSE
	EndGlobalSection
	GlobalSection(ExtensibilityGlobals) = postSolution
		SolutionGuid = {1303898D-DEF8-4F0F-BCCA-42C20A4FF57E}
	EndGlobalSection
EndGlobal
