
Microsoft Visual Studio Solution File, Format Version 12.00
# Visual Studio Version 17
VisualStudioVersion = 17.5.002.0
MinimumVisualStudioVersion = 10.0.40219.1
Project("{9A19103F-16F7-4668-BE54-9A1E7A4F7556}") = "IOTRegistration", "IOTRegistration.csproj", "{D6789EB4-A8E0-47EF-B6E0-5E9AD7BF891D}"
EndProject
Global
	GlobalSection(SolutionConfigurationPlatforms) = preSolution
		Debug|Any CPU = Debug|Any CPU
		Release|Any CPU = Release|Any CPU
	EndGlobalSection
	GlobalSection(ProjectConfigurationPlatforms) = postSolution
		{D6789EB4-A8E0-47EF-B6E0-5E9AD7BF891D}.Debug|Any CPU.ActiveCfg = Debug|Any CPU
		{D6789EB4-A8E0-47EF-B6E0-5E9AD7BF891D}.Debug|Any CPU.Build.0 = Debug|Any CPU
		{D6789EB4-A8E0-47EF-B6E0-5E9AD7BF891D}.Release|Any CPU.ActiveCfg = Release|Any CPU
		{D6789EB4-A8E0-47EF-B6E0-5E9AD7BF891D}.Release|Any CPU.Build.0 = Release|Any CPU
	EndGlobalSection
	GlobalSection(SolutionProperties) = preSolution
		HideSolutionNode = FALSE
	EndGlobalSection
	GlobalSection(ExtensibilityGlobals) = postSolution
		SolutionGuid = {6102451B-30DD-4188-881C-161436B3873D}
	EndGlobalSection
EndGlobal
