
Microsoft Visual Studio Solution File, Format Version 12.00
# Visual Studio Version 17
VisualStudioVersion = 17.0.31903.59
MinimumVisualStudioVersion = 10.0.40219.1
Project("{9A19103F-16F7-4668-BE54-9A1E7A4F7556}") = "IOTRegistration", "IOTRegistration\IOTRegistration.csproj", "{56085245-D21C-4FB4-8592-E083E102B0EB}"
EndProject
Project("{9A19103F-16F7-4668-BE54-9A1E7A4F7556}") = "IOTBase", "IOTBase\IOTBase.csproj", "{AFABC83C-98D7-4929-B54F-5B2E90570CE7}"
EndProject
Project("{9A19103F-16F7-4668-BE54-9A1E7A4F7556}") = "IOTDevices", "IOTDevices\IOTDevices.csproj", "{6F491EE5-40CC-4F86-9FF5-786FBC79F53A}"
EndProject
Project("{9A19103F-16F7-4668-BE54-9A1E7A4F7556}") = "SalesGenerator", "SalesGenerator\SalesGenerator.csproj", "{31C0B871-D52F-46D3-B9DD-7FC83FA1105E}"
EndProject
Project("{FAE04EC0-301F-11D3-BF4B-00C04F79EFBC}") = "TempStreamer", "TempStreamer\TempStreamer.csproj", "{6BF97FBA-56B9-465B-8A19-1A0E9B1CB30D}"
EndProject
Global
	GlobalSection(SolutionConfigurationPlatforms) = preSolution
		Debug|Any CPU = Debug|Any CPU
		Release|Any CPU = Release|Any CPU
	EndGlobalSection
	GlobalSection(ProjectConfigurationPlatforms) = postSolution
		{56085245-D21C-4FB4-8592-E083E102B0EB}.Debug|Any CPU.ActiveCfg = Debug|Any CPU
		{56085245-D21C-4FB4-8592-E083E102B0EB}.Debug|Any CPU.Build.0 = Debug|Any CPU
		{56085245-D21C-4FB4-8592-E083E102B0EB}.Release|Any CPU.ActiveCfg = Release|Any CPU
		{56085245-D21C-4FB4-8592-E083E102B0EB}.Release|Any CPU.Build.0 = Release|Any CPU
		{AFABC83C-98D7-4929-B54F-5B2E90570CE7}.Debug|Any CPU.ActiveCfg = Debug|Any CPU
		{AFABC83C-98D7-4929-B54F-5B2E90570CE7}.Debug|Any CPU.Build.0 = Debug|Any CPU
		{AFABC83C-98D7-4929-B54F-5B2E90570CE7}.Release|Any CPU.ActiveCfg = Release|Any CPU
		{AFABC83C-98D7-4929-B54F-5B2E90570CE7}.Release|Any CPU.Build.0 = Release|Any CPU
		{6F491EE5-40CC-4F86-9FF5-786FBC79F53A}.Debug|Any CPU.ActiveCfg = Debug|Any CPU
		{6F491EE5-40CC-4F86-9FF5-786FBC79F53A}.Debug|Any CPU.Build.0 = Debug|Any CPU
		{6F491EE5-40CC-4F86-9FF5-786FBC79F53A}.Release|Any CPU.ActiveCfg = Release|Any CPU
		{6F491EE5-40CC-4F86-9FF5-786FBC79F53A}.Release|Any CPU.Build.0 = Release|Any CPU
		{31C0B871-D52F-46D3-B9DD-7FC83FA1105E}.Debug|Any CPU.ActiveCfg = Debug|Any CPU
		{31C0B871-D52F-46D3-B9DD-7FC83FA1105E}.Debug|Any CPU.Build.0 = Debug|Any CPU
		{31C0B871-D52F-46D3-B9DD-7FC83FA1105E}.Release|Any CPU.ActiveCfg = Release|Any CPU
		{31C0B871-D52F-46D3-B9DD-7FC83FA1105E}.Release|Any CPU.Build.0 = Release|Any CPU
		{6BF97FBA-56B9-465B-8A19-1A0E9B1CB30D}.Debug|Any CPU.ActiveCfg = Debug|Any CPU
		{6BF97FBA-56B9-465B-8A19-1A0E9B1CB30D}.Debug|Any CPU.Build.0 = Debug|Any CPU
		{6BF97FBA-56B9-465B-8A19-1A0E9B1CB30D}.Release|Any CPU.ActiveCfg = Release|Any CPU
		{6BF97FBA-56B9-465B-8A19-1A0E9B1CB30D}.Release|Any CPU.Build.0 = Release|Any CPU
	EndGlobalSection
	GlobalSection(SolutionProperties) = preSolution
		HideSolutionNode = FALSE
	EndGlobalSection
	GlobalSection(ExtensibilityGlobals) = postSolution
		SolutionGuid = {C8AA5F69-39D2-4C3A-BCF3-6E372ADC0590}
	EndGlobalSection
EndGlobal
